
Microsoft Visual Studio Solution File, Format Version 12.00
# Visual Studio Version 16
VisualStudioVersion = 16.0.33328.57
MinimumVisualStudioVersion = 10.0.40219.1
Project("{FAE04EC0-301F-11D3-BF4B-00C04F79EFBC}") = "Final", "Final.csproj", "{1B6751CA-EF24-425A-B2DA-07B699BE7C06}"
EndProject
Global
	GlobalSection(SolutionConfigurationPlatforms) = preSolution
		Debug|Any CPU = Debug|Any CPU
		Release|Any CPU = Release|Any CPU
	EndGlobalSection
	GlobalSection(ProjectConfigurationPlatforms) = postSolution
		{1B6751CA-EF24-425A-B2DA-07B699BE7C06}.Debug|Any CPU.ActiveCfg = Debug|Any CPU
		{1B6751CA-EF24-425A-B2DA-07B699BE7C06}.Debug|Any CPU.Build.0 = Debug|Any CPU
		{1B6751CA-EF24-425A-B2DA-07B699BE7C06}.Release|Any CPU.ActiveCfg = Release|Any CPU
		{1B6751CA-EF24-425A-B2DA-07B699BE7C06}.Release|Any CPU.Build.0 = Release|Any CPU
	EndGlobalSection
	GlobalSection(SolutionProperties) = preSolution
		HideSolutionNode = FALSE
	EndGlobalSection
	GlobalSection(ExtensibilityGlobals) = postSolution
		SolutionGuid = {6F9FEB0D-DD4D-44B0-B0DE-E1A0B435A4C5}
	EndGlobalSection
EndGlobal
